# This file is generated by running "yarn install" inside your project.
# Manual changes might be lost - proceed with caution!

__metadata:
  version: 6
  cacheKey: 8

"@discordjs/builders@npm:^1.6.3":
  version: 1.6.3
  resolution: "@discordjs/builders@npm:1.6.3"
  dependencies:
    "@discordjs/formatters": ^0.3.1
    "@discordjs/util": ^0.3.1
    "@sapphire/shapeshift": ^3.8.2
    discord-api-types: ^0.37.41
    fast-deep-equal: ^3.1.3
    ts-mixer: ^6.0.3
    tslib: ^2.5.0
  checksum: 6a0c07fb910d8a6701f58f51f9f85a486c1f608bb7b81656581591b57eb54680db0a7715ac25b4659c115231bfd8c4ff706cc4ccffb4da308ad24233dc6524b3
  languageName: node
  linkType: hard

"@discordjs/collection@npm:^1.5.1":
  version: 1.5.1
  resolution: "@discordjs/collection@npm:1.5.1"
  checksum: 98cc9cff3c7e6f919097b7ffc96f0a13eba2a90265d187b4db5f8cc09b550efd3d9fc952a21d92a08baf7d9e06d0bfa0467e8d0dbccb2d2f8eb0ee124b8b38d4
  languageName: node
  linkType: hard

"@discordjs/formatters@npm:^0.3.1":
  version: 0.3.1
  resolution: "@discordjs/formatters@npm:0.3.1"
  dependencies:
    discord-api-types: ^0.37.41
  checksum: 96355687853a203b280484419cd96a79b79b4b98f0469ec15be073862fb340cbd60ca2ea68f3d4684e17ff0e8c5f04ddcc6dd88188808e01fcbe0e3eea052d6d
  languageName: node
  linkType: hard

"@discordjs/rest@npm:^1.7.1":
  version: 1.7.1
  resolution: "@discordjs/rest@npm:1.7.1"
  dependencies:
    "@discordjs/collection": ^1.5.1
    "@discordjs/util": ^0.3.0
    "@sapphire/async-queue": ^1.5.0
    "@sapphire/snowflake": ^3.4.2
    discord-api-types: ^0.37.41
    file-type: ^18.3.0
    tslib: ^2.5.0
    undici: ^5.22.0
  checksum: 397dca0f2433dcc20c98805427388dd2ab09b906c429185e5d7cfc5057ad7b2a815653482476cffb64b8e1c3628ff254d927796316956d737375be22383c88d7
  languageName: node
  linkType: hard

"@discordjs/util@npm:^0.3.0, @discordjs/util@npm:^0.3.1":
  version: 0.3.1
  resolution: "@discordjs/util@npm:0.3.1"
  checksum: afd53427bc25c84e05cd34d6daf355cab14629a5f340d33528ea18d3a1177e777584bc5847cfcb7711c7387252c34917d749a0b1a91a99d2ce572878208212df
  languageName: node
  linkType: hard

"@discordjs/ws@npm:^0.8.3":
  version: 0.8.3
  resolution: "@discordjs/ws@npm:0.8.3"
  dependencies:
    "@discordjs/collection": ^1.5.1
    "@discordjs/rest": ^1.7.1
    "@discordjs/util": ^0.3.1
    "@sapphire/async-queue": ^1.5.0
    "@types/ws": ^8.5.4
    "@vladfrangu/async_event_emitter": ^2.2.1
    discord-api-types: ^0.37.41
    tslib: ^2.5.0
    ws: ^8.13.0
  checksum: 28eb76ce58e31bc6be8b4d410aae448a8ad6388298f97392d1df002f3f5f1b0ab344bd4cb971aeebd0ea62558dcf1d9554cab3a21485d221f2a7af4ed0766a2e
  languageName: node
  linkType: hard

"@sapphire/async-queue@npm:^1.5.0":
  version: 1.5.0
  resolution: "@sapphire/async-queue@npm:1.5.0"
  checksum: 983dbd1fd1b1798496e5edb6a0db7e4d90015160e1028f20475eab0a92625513f1e8d938bc0305811a9cec461c94e01b1e4191615ff03ba49356f568f3255250
  languageName: node
  linkType: hard

"@sapphire/shapeshift@npm:^3.8.2":
  version: 3.9.2
  resolution: "@sapphire/shapeshift@npm:3.9.2"
  dependencies:
    fast-deep-equal: ^3.1.3
    lodash: ^4.17.21
  checksum: 0d4572281a2a43dc444f56aef7462d16fdc49cdf0e625d521bfeae4b2219e35b53b7752b4e7396e402ce3b1a21c86afc4c3c82ce1547822a6e844116bb220760
  languageName: node
  linkType: hard

"@sapphire/snowflake@npm:^3.4.2":
  version: 3.5.1
  resolution: "@sapphire/snowflake@npm:3.5.1"
  checksum: 8fc025020adab1a7a1a5d2cf07704d598cc1977b50e5fcd3a5dd239f00934dc936d3a4d5ae336e71d8bf1d88ec27aa814b34de79e38ff097b7b9ba5a7977a683
  languageName: node
  linkType: hard

"@sern/handler@npm:alpha":
  version: 3.0.0-rc11
  resolution: "@sern/handler@npm:3.0.0-rc11"
  dependencies:
    iti: ^0.6.0
    rxjs: ^7.8.0
    ts-results-es: ^3.6.0
  checksum: 68f8d20a3036a2ea7e48e8a1c5c4206f476f2ed489245ab50e09759807cd48c4ec375f9d644dfc9d1ba02b8d8b29bfca3a5581a9288db2b00fc86b36d7ff7590
  languageName: node
  linkType: hard

"@tokenizer/token@npm:^0.3.0":
  version: 0.3.0
  resolution: "@tokenizer/token@npm:0.3.0"
  checksum: 1d575d02d2a9f0c5a4ca5180635ebd2ad59e0f18b42a65f3d04844148b49b3db35cf00b6012a1af2d59c2ab3caca59451c5689f747ba8667ee586ad717ee58e1
  languageName: node
  linkType: hard

"@types/node@npm:*":
  version: 20.4.2
  resolution: "@types/node@npm:20.4.2"
  checksum: 99e544ea7560d51f01f95627fc40394c24a13da8f041121a0da13e4ef0a2aa332932eaf9a5e8d0e30d1c07106e96a183be392cbba62e8cf0bf6a085d5c0f4149
  languageName: node
  linkType: hard

"@types/node@npm:^17.0.25":
  version: 17.0.45
  resolution: "@types/node@npm:17.0.45"
  checksum: aa04366b9103b7d6cfd6b2ef64182e0eaa7d4462c3f817618486ea0422984c51fc69fd0d436eae6c9e696ddfdbec9ccaa27a917f7c2e8c75c5d57827fe3d95e8
  languageName: node
  linkType: hard

"@types/webidl-conversions@npm:*":
  version: 7.0.0
  resolution: "@types/webidl-conversions@npm:7.0.0"
  checksum: 60142c7ddd9eb6f907d232d6b3a81ecf990f73b5a62a004eba8bd0f54809a42ece68ce512e7e3e1d98af8b6393d66cddb96f3622d2fb223c4e9c8937c61bfed7
  languageName: node
  linkType: hard

"@types/whatwg-url@npm:^8.2.1":
  version: 8.2.2
  resolution: "@types/whatwg-url@npm:8.2.2"
  dependencies:
    "@types/node": "*"
    "@types/webidl-conversions": "*"
  checksum: 5dc5afe078dfa1a8a266745586fa3db9baa8ce7cc904789211d1dca1d34d7f3dd17d0b7423c36bc9beab9d98aa99338f1fc60798c0af6cbb8356f20e20d9f243
  languageName: node
  linkType: hard

"@types/ws@npm:^8.5.4":
  version: 8.5.5
  resolution: "@types/ws@npm:8.5.5"
  dependencies:
    "@types/node": "*"
  checksum: d00bf8070e6938e3ccf933010921c6ce78ac3606696ce37a393b27a9a603f7bd93ea64f3c5fa295a2f743575ba9c9a9fdb904af0f5fe2229bf2adf0630386e4a
  languageName: node
  linkType: hard

"@vladfrangu/async_event_emitter@npm:^2.2.1":
  version: 2.2.2
  resolution: "@vladfrangu/async_event_emitter@npm:2.2.2"
  checksum: ed948294fea1a2dc8b8f307f4061bf65e2043a946132f288702f0572a806ebe3123b8c7e522e70d2abbd3616f5d67027c9e59df9ef80b0195f7502a848a426ba
  languageName: node
  linkType: hard

"abort-controller@npm:^3.0.0":
  version: 3.0.0
  resolution: "abort-controller@npm:3.0.0"
  dependencies:
    event-target-shim: ^5.0.0
  checksum: 170bdba9b47b7e65906a28c8ce4f38a7a369d78e2271706f020849c1bfe0ee2067d4261df8bbb66eb84f79208fd5b710df759d64191db58cfba7ce8ef9c54b75
  languageName: node
  linkType: hard

"atomic-sleep@npm:^1.0.0":
  version: 1.0.0
  resolution: "atomic-sleep@npm:1.0.0"
  checksum: b95275afb2f80732f22f43a60178430c468906a415a7ff18bcd0feeebc8eec3930b51250aeda91a476062a90e07132b43a1794e8d8ffcf9b650e8139be75fa36
  languageName: node
  linkType: hard

"balanced-match@npm:^1.0.0":
  version: 1.0.2
  resolution: "balanced-match@npm:1.0.2"
  checksum: 9706c088a283058a8a99e0bf91b0a2f75497f185980d9ffa8b304de1d9e58ebda7c72c07ebf01dadedaac5b2907b2c6f566f660d62bd336c3468e960403b9d65
  languageName: node
  linkType: hard

"base64-js@npm:^1.3.1":
  version: 1.5.1
  resolution: "base64-js@npm:1.5.1"
  checksum: 669632eb3745404c2f822a18fc3a0122d2f9a7a13f7fb8b5823ee19d1d2ff9ee5b52c53367176ea4ad093c332fd5ab4bd0ebae5a8e27917a4105a4cfc86b1005
  languageName: node
  linkType: hard

"brace-expansion@npm:^2.0.1":
  version: 2.0.1
  resolution: "brace-expansion@npm:2.0.1"
  dependencies:
    balanced-match: ^1.0.0
  checksum: a61e7cd2e8a8505e9f0036b3b6108ba5e926b4b55089eeb5550cd04a471fe216c96d4fe7e4c7f995c728c554ae20ddfc4244cad10aef255e72b62930afd233d1
  languageName: node
  linkType: hard

"bson@npm:^5.4.0":
  version: 5.4.0
  resolution: "bson@npm:5.4.0"
  checksum: 1c07e3d09f139d414bd226bf7f4e9aaa7a726e0c9718c55b53bb23ffa2805cac8b66e4fa46b424c73a35c6e292ed5f7432df5c76ea5d08052642b2ac9e0399e3
  languageName: node
  linkType: hard

"buffer@npm:^6.0.3":
  version: 6.0.3
  resolution: "buffer@npm:6.0.3"
  dependencies:
    base64-js: ^1.3.1
    ieee754: ^1.2.1
  checksum: 5ad23293d9a731e4318e420025800b42bf0d264004c0286c8cc010af7a270c7a0f6522e84f54b9ad65cbd6db20b8badbfd8d2ebf4f80fa03dab093b89e68c3f9
  languageName: node
  linkType: hard

"busboy@npm:^1.6.0":
  version: 1.6.0
  resolution: "busboy@npm:1.6.0"
  dependencies:
    streamsearch: ^1.1.0
  checksum: 32801e2c0164e12106bf236291a00795c3c4e4b709ae02132883fe8478ba2ae23743b11c5735a0aae8afe65ac4b6ca4568b91f0d9fed1fdbc32ede824a73746e
  languageName: node
  linkType: hard

"colorette@npm:^2.0.7":
  version: 2.0.20
  resolution: "colorette@npm:2.0.20"
  checksum: 0c016fea2b91b733eb9f4bcdb580018f52c0bc0979443dad930e5037a968237ac53d9beb98e218d2e9235834f8eebce7f8e080422d6194e957454255bde71d3d
  languageName: node
  linkType: hard

"dateformat@npm:^4.6.3":
  version: 4.6.3
  resolution: "dateformat@npm:4.6.3"
  checksum: c3aa0617c0a5b30595122bc8d1bee6276a9221e4d392087b41cbbdf175d9662ae0e50d0d6dcdf45caeac5153c4b5b0844265f8cd2b2245451e3da19e39e3b65d
  languageName: node
  linkType: hard

"debug@npm:4.x":
  version: 4.3.4
  resolution: "debug@npm:4.3.4"
  dependencies:
    ms: 2.1.2
  peerDependenciesMeta:
    supports-color:
      optional: true
  checksum: 3dbad3f94ea64f34431a9cbf0bafb61853eda57bff2880036153438f50fb5a84f27683ba0d8e5426bf41a8c6ff03879488120cf5b3a761e77953169c0600a708
  languageName: node
  linkType: hard

"discord-api-types@npm:^0.37.41":
  version: 0.37.48
  resolution: "discord-api-types@npm:0.37.48"
  checksum: aebc89f6bd123fb810f282f83a38923918f98692c23ad203f389c9b2666ea090c86dcd397ce85e1a11595a5325d4ef1a8a0e94a93c576cece897b873402d69eb
  languageName: node
  linkType: hard

"discord.js@npm:latest":
  version: 14.11.0
  resolution: "discord.js@npm:14.11.0"
  dependencies:
    "@discordjs/builders": ^1.6.3
    "@discordjs/collection": ^1.5.1
    "@discordjs/formatters": ^0.3.1
    "@discordjs/rest": ^1.7.1
    "@discordjs/util": ^0.3.1
    "@discordjs/ws": ^0.8.3
    "@sapphire/snowflake": ^3.4.2
    "@types/ws": ^8.5.4
    discord-api-types: ^0.37.41
    fast-deep-equal: ^3.1.3
    lodash.snakecase: ^4.1.1
    tslib: ^2.5.0
    undici: ^5.22.0
    ws: ^8.13.0
  checksum: 63e0a312c4ee89b03bfd16f3d58ff185d1e4cee75aa2d75de7a56d049a0bcddb89e16ae77cb02ddf0272072698d490c6a98959a8a90dd68ac6175a3ee50a191d
  languageName: node
  linkType: hard

"dotenv@npm:^16.3.1":
  version: 16.3.1
  resolution: "dotenv@npm:16.3.1"
  checksum: 15d75e7279018f4bafd0ee9706593dd14455ddb71b3bcba9c52574460b7ccaf67d5cf8b2c08a5af1a9da6db36c956a04a1192b101ee102a3e0cf8817bbcf3dfd
  languageName: node
  linkType: hard

"end-of-stream@npm:^1.1.0":
  version: 1.4.4
  resolution: "end-of-stream@npm:1.4.4"
  dependencies:
    once: ^1.4.0
  checksum: 530a5a5a1e517e962854a31693dbb5c0b2fc40b46dad2a56a2deec656ca040631124f4795823acc68238147805f8b021abbe221f4afed5ef3c8e8efc2024908b
  languageName: node
  linkType: hard

"event-target-shim@npm:^5.0.0":
  version: 5.0.1
  resolution: "event-target-shim@npm:5.0.1"
  checksum: 1ffe3bb22a6d51bdeb6bf6f7cf97d2ff4a74b017ad12284cc9e6a279e727dc30a5de6bb613e5596ff4dc3e517841339ad09a7eec44266eccb1aa201a30448166
  languageName: node
  linkType: hard

"events@npm:^3.3.0":
  version: 3.3.0
  resolution: "events@npm:3.3.0"
  checksum: f6f487ad2198aa41d878fa31452f1a3c00958f46e9019286ff4787c84aac329332ab45c9cdc8c445928fc6d7ded294b9e005a7fce9426488518017831b272780
  languageName: node
  linkType: hard

"fast-copy@npm:^3.0.0":
  version: 3.0.1
  resolution: "fast-copy@npm:3.0.1"
  checksum: 5496b5cf47df29eea479deef03b6b7188626a2cbc356b3015649062846729de6f1a9f555f937e772da8feae0a1231fab13096ed32424b2d61e4d065abc9969fe
  languageName: node
  linkType: hard

"fast-deep-equal@npm:^3.1.3":
  version: 3.1.3
  resolution: "fast-deep-equal@npm:3.1.3"
  checksum: e21a9d8d84f53493b6aa15efc9cfd53dd5b714a1f23f67fb5dc8f574af80df889b3bce25dc081887c6d25457cce704e636395333abad896ccdec03abaf1f3f9d
  languageName: node
  linkType: hard

"fast-redact@npm:^3.1.1":
  version: 3.2.0
  resolution: "fast-redact@npm:3.2.0"
  checksum: 7305740bbc708b0c5662f46fc30ec910da519275574fea84f6df0bea0cfe6066ddf90c6c4b879642c509e692edf862edd22eaccb2a647db122eebe8259942888
  languageName: node
  linkType: hard

"fast-safe-stringify@npm:^2.1.1":
  version: 2.1.1
  resolution: "fast-safe-stringify@npm:2.1.1"
  checksum: a851cbddc451745662f8f00ddb622d6766f9bd97642dabfd9a405fb0d646d69fc0b9a1243cbf67f5f18a39f40f6fa821737651ff1bceeba06c9992ca2dc5bd3d
  languageName: node
  linkType: hard

"file-type@npm:^18.3.0":
  version: 18.5.0
  resolution: "file-type@npm:18.5.0"
  dependencies:
    readable-web-to-node-stream: ^3.0.2
    strtok3: ^7.0.0
    token-types: ^5.0.1
  checksum: d2bc81d842b110970a0ca9d90356ce4e9738c1c05596ce8931f2af334477856d92bcecd0742dc6646e13a970c0125150ad4415898688d1901d80e972d90ab1ca
  languageName: node
  linkType: hard

"fs.realpath@npm:^1.0.0":
  version: 1.0.0
  resolution: "fs.realpath@npm:1.0.0"
  checksum: 99ddea01a7e75aa276c250a04eedeffe5662bce66c65c07164ad6264f9de18fb21be9433ead460e54cff20e31721c811f4fb5d70591799df5f85dce6d6746fd0
  languageName: node
  linkType: hard

"glob@npm:^8.0.0":
  version: 8.1.0
  resolution: "glob@npm:8.1.0"
  dependencies:
    fs.realpath: ^1.0.0
    inflight: ^1.0.4
    inherits: 2
    minimatch: ^5.0.1
    once: ^1.3.0
  checksum: 92fbea3221a7d12075f26f0227abac435de868dd0736a17170663783296d0dd8d3d532a5672b4488a439bf5d7fb85cdd07c11185d6cd39184f0385cbdfb86a47
  languageName: node
  linkType: hard

"help-me@npm:^4.0.1":
  version: 4.2.0
  resolution: "help-me@npm:4.2.0"
  dependencies:
    glob: ^8.0.0
    readable-stream: ^3.6.0
  checksum: 6548acba10dd79ebfc93f0d739c4cb2f32f7932c8d87b091992f3a0f844706263415eab81be015aed4ab874154232beb666920d7e280502c6bba29a40cde343e
  languageName: node
  linkType: hard

"ieee754@npm:^1.2.1":
  version: 1.2.1
  resolution: "ieee754@npm:1.2.1"
  checksum: 5144c0c9815e54ada181d80a0b810221a253562422e7c6c3a60b1901154184f49326ec239d618c416c1c5945a2e197107aee8d986a3dd836b53dffefd99b5e7e
  languageName: node
  linkType: hard

"inflight@npm:^1.0.4":
  version: 1.0.6
  resolution: "inflight@npm:1.0.6"
  dependencies:
    once: ^1.3.0
    wrappy: 1
  checksum: f4f76aa072ce19fae87ce1ef7d221e709afb59d445e05d47fba710e85470923a75de35bfae47da6de1b18afc3ce83d70facf44cfb0aff89f0a3f45c0a0244dfd
  languageName: node
  linkType: hard

"inherits@npm:2, inherits@npm:^2.0.3":
  version: 2.0.4
  resolution: "inherits@npm:2.0.4"
  checksum: 4a48a733847879d6cf6691860a6b1e3f0f4754176e4d71494c41f3475553768b10f84b5ce1d40fbd0e34e6bfbb864ee35858ad4dd2cf31e02fc4a154b724d7f1
  languageName: node
  linkType: hard

"ip@npm:^2.0.0":
  version: 2.0.0
  resolution: "ip@npm:2.0.0"
  checksum: cfcfac6b873b701996d71ec82a7dd27ba92450afdb421e356f44044ed688df04567344c36cbacea7d01b1c39a4c732dc012570ebe9bebfb06f27314bca625349
  languageName: node
  linkType: hard

"iti@npm:^0.6.0":
  version: 0.6.0
  resolution: "iti@npm:0.6.0"
  dependencies:
    utility-types: ^3.10.0
  checksum: 19e484aa8b00bf57642c73c56b658d06d70d7b5acf5725a6aca9948c6b3c8d1fab18d71fb25f482a13d8c6acac137799fa80e7dbdc97cc24ed5afc94f03811e3
  languageName: node
  linkType: hard

"joycon@npm:^3.1.1":
  version: 3.1.1
  resolution: "joycon@npm:3.1.1"
  checksum: 8003c9c3fc79c5c7602b1c7e9f7a2df2e9916f046b0dbad862aa589be78c15734d11beb9fe846f5e06138df22cb2ad29961b6a986ba81c4920ce2b15a7f11067
  languageName: node
  linkType: hard

"kareem@npm:2.5.1":
  version: 2.5.1
  resolution: "kareem@npm:2.5.1"
  checksum: b019a960a7b9e44b6ef224ef85e7583d4e969619f53319e571677fbed7e57e01ee8774589726b29741e42790996567d878003c18e674296742dc343bfbf3efb9
  languageName: node
  linkType: hard

"lodash.snakecase@npm:^4.1.1":
  version: 4.1.1
  resolution: "lodash.snakecase@npm:4.1.1"
  checksum: 1685ed3e83dda6eae5a4dcaee161a51cd210aabb3e1c09c57150e7dd8feda19e4ca0d27d0631eabe8d0f4eaa51e376da64e8c018ae5415417c5890d42feb72a8
  languageName: node
  linkType: hard

"lodash@npm:^4.17.21":
  version: 4.17.21
  resolution: "lodash@npm:4.17.21"
  checksum: eb835a2e51d381e561e508ce932ea50a8e5a68f4ebdd771ea240d3048244a8d13658acbd502cd4829768c56f2e16bdd4340b9ea141297d472517b83868e677f7
  languageName: node
  linkType: hard

"memory-pager@npm:^1.0.2":
  version: 1.5.0
  resolution: "memory-pager@npm:1.5.0"
  checksum: d1a2e684583ef55c61cd3a49101da645b11ad57014dfc565e0b43baa9004b743f7e4ab81493d8fff2ab24e9950987cc3209c94bcc4fc8d7e30a475489a1f15e9
  languageName: node
  linkType: hard

"minimatch@npm:^5.0.1":
  version: 5.1.6
  resolution: "minimatch@npm:5.1.6"
  dependencies:
    brace-expansion: ^2.0.1
  checksum: 7564208ef81d7065a370f788d337cd80a689e981042cb9a1d0e6580b6c6a8c9279eba80010516e258835a988363f99f54a6f711a315089b8b42694f5da9d0d77
  languageName: node
  linkType: hard

"minimist@npm:^1.2.6":
  version: 1.2.8
  resolution: "minimist@npm:1.2.8"
  checksum: 75a6d645fb122dad29c06a7597bddea977258957ed88d7a6df59b5cd3fe4a527e253e9bbf2e783e4b73657f9098b96a5fe96ab8a113655d4109108577ecf85b0
  languageName: node
  linkType: hard

"mongodb-connection-string-url@npm:^2.6.0":
  version: 2.6.0
  resolution: "mongodb-connection-string-url@npm:2.6.0"
  dependencies:
    "@types/whatwg-url": ^8.2.1
    whatwg-url: ^11.0.0
  checksum: 1d662f0ecfe96f7a400f625c244b2e52914c98f3562ee7d19941127578b5f8237624433bdcea285a654041b945b518803512989690c74548aec5860c5541c605
  languageName: node
  linkType: hard

"mongodb@npm:5.7.0":
  version: 5.7.0
  resolution: "mongodb@npm:5.7.0"
  dependencies:
    bson: ^5.4.0
    mongodb-connection-string-url: ^2.6.0
    saslprep: ^1.0.3
    socks: ^2.7.1
  peerDependencies:
    "@aws-sdk/credential-providers": ^3.201.0
    "@mongodb-js/zstd": ^1.1.0
    kerberos: ^2.0.1
    mongodb-client-encryption: ">=2.3.0 <3"
    snappy: ^7.2.2
  dependenciesMeta:
    saslprep:
      optional: true
  peerDependenciesMeta:
    "@aws-sdk/credential-providers":
      optional: true
    "@mongodb-js/zstd":
      optional: true
    kerberos:
      optional: true
    mongodb-client-encryption:
      optional: true
    snappy:
      optional: true
  checksum: 16357b6229abac165aecea15a6efa873ec8662a00411ecb9e49853f05a590be31aab63d404486125778eedaafe76d70e84eea682fa89b138decc247f4870d2ec
  languageName: node
  linkType: hard

"mongoose@npm:^7.4.1":
  version: 7.4.1
  resolution: "mongoose@npm:7.4.1"
  dependencies:
    bson: ^5.4.0
    kareem: 2.5.1
    mongodb: 5.7.0
    mpath: 0.9.0
    mquery: 5.0.0
    ms: 2.1.3
    sift: 16.0.1
  checksum: e03f55e7a200fd81050fca19cf2092f8048bc0c8108d58d9c36b64008cf5733051c3c780c7cea9f9ab22ba423c0d478e75a5ca8f8696deb8ea8c89cdc46b163f
  languageName: node
  linkType: hard

"mpath@npm:0.9.0":
  version: 0.9.0
  resolution: "mpath@npm:0.9.0"
  checksum: 1052f1f926db04502440f76164ae16ed53aa41f3ce34e7e64e3ed451b7d91ede295c3b600801c5f9eb862f03d9d59b7aa5aaf690c341fc521bef025d0f5cd773
  languageName: node
  linkType: hard

"mquery@npm:5.0.0":
  version: 5.0.0
  resolution: "mquery@npm:5.0.0"
  dependencies:
    debug: 4.x
  checksum: 0617ead71e40e3c38ab74a1e46214d578d654bf7916abd8b3fb2ceb433bb6287adfa0960f041f16e2ac41c5ed5d7ce2268582f0a0075fff2561bcd5a3f40b417
  languageName: node
  linkType: hard

"ms@npm:2.1.2":
  version: 2.1.2
  resolution: "ms@npm:2.1.2"
  checksum: 673cdb2c3133eb050c745908d8ce632ed2c02d85640e2edb3ace856a2266a813b30c613569bf3354fdf4ea7d1a1494add3bfa95e2713baa27d0c2c71fc44f58f
  languageName: node
  linkType: hard

"ms@npm:2.1.3":
  version: 2.1.3
  resolution: "ms@npm:2.1.3"
  checksum: aa92de608021b242401676e35cfa5aa42dd70cbdc082b916da7fb925c542173e36bce97ea3e804923fe92c0ad991434e4a38327e15a1b5b5f945d66df615ae6d
  languageName: node
  linkType: hard

"on-exit-leak-free@npm:^2.1.0":
  version: 2.1.0
  resolution: "on-exit-leak-free@npm:2.1.0"
  checksum: 7334d98b87b0c89c9b69c747760b21196ff35afdedc4eaf1a0a3a02964463d7f6802481b120e4c8298967c74773ca7b914ab2eb3d9b279010eb7f67ac4960eed
  languageName: node
  linkType: hard

"once@npm:^1.3.0, once@npm:^1.3.1, once@npm:^1.4.0":
  version: 1.4.0
  resolution: "once@npm:1.4.0"
  dependencies:
    wrappy: 1
  checksum: cd0a88501333edd640d95f0d2700fbde6bff20b3d4d9bdc521bdd31af0656b5706570d6c6afe532045a20bb8dc0849f8332d6f2a416e0ba6d3d3b98806c7db68
  languageName: node
  linkType: hard

"peek-readable@npm:^5.0.0":
  version: 5.0.0
  resolution: "peek-readable@npm:5.0.0"
  checksum: bef5ceb50586eb42e14efba274ac57ffe97f0ed272df9239ce029f688f495d9bf74b2886fa27847c706a9db33acda4b7d23bbd09a2d21eb4c2a54da915117414
  languageName: node
  linkType: hard

"pino-abstract-transport@npm:^1.0.0, pino-abstract-transport@npm:v1.0.0":
  version: 1.0.0
  resolution: "pino-abstract-transport@npm:1.0.0"
  dependencies:
    readable-stream: ^4.0.0
    split2: ^4.0.0
  checksum: 05dd0eda52dd99fd204b39fe7b62656744b63e863bc052cdd5105d25f226a236966d0a46e39a1ace4838f6e988c608837ff946d2d0bc92835ca7baa0a3bff8d8
  languageName: node
  linkType: hard

"pino-pretty@npm:^10.2.0":
  version: 10.2.0
  resolution: "pino-pretty@npm:10.2.0"
  dependencies:
    colorette: ^2.0.7
    dateformat: ^4.6.3
    fast-copy: ^3.0.0
    fast-safe-stringify: ^2.1.1
    help-me: ^4.0.1
    joycon: ^3.1.1
    minimist: ^1.2.6
    on-exit-leak-free: ^2.1.0
    pino-abstract-transport: ^1.0.0
    pump: ^3.0.0
    readable-stream: ^4.0.0
    secure-json-parse: ^2.4.0
    sonic-boom: ^3.0.0
    strip-json-comments: ^3.1.1
  bin:
    pino-pretty: bin.js
  checksum: 8e8220ab647d11e05349adde37aac116dab1a96ce479297820475b7e2246ea5e56e3764b625c5877821ae66dcea62bdda563cc49eccbd4628c80952998068f48
  languageName: node
  linkType: hard

"pino-std-serializers@npm:^6.0.0":
  version: 6.2.2
  resolution: "pino-std-serializers@npm:6.2.2"
  checksum: aeb0662edc46ec926de9961ed4780a4f0586bb7c37d212cd469c069639e7816887a62c5093bc93f260a4e0900322f44fc8ab1343b5a9fa2864a888acccdb22a4
  languageName: node
  linkType: hard

"pino@npm:^8.14.1":
  version: 8.14.1
  resolution: "pino@npm:8.14.1"
  dependencies:
    atomic-sleep: ^1.0.0
    fast-redact: ^3.1.1
    on-exit-leak-free: ^2.1.0
    pino-abstract-transport: v1.0.0
    pino-std-serializers: ^6.0.0
    process-warning: ^2.0.0
    quick-format-unescaped: ^4.0.3
    real-require: ^0.2.0
    safe-stable-stringify: ^2.3.1
    sonic-boom: ^3.1.0
    thread-stream: ^2.0.0
  bin:
    pino: bin.js
  checksum: 72dcae8f550d375695bb8745f11b30c42aaa20d0bcab8f546ca5af0684d784453850949fe1b244206793e813a46d72cbbf0dda8aed2cee86e9491ba44a643e3e
  languageName: node
  linkType: hard

"process-warning@npm:^2.0.0":
  version: 2.2.0
  resolution: "process-warning@npm:2.2.0"
  checksum: 394ae451c2622ee7d014a7196d36658fc1a5d5cc9f3bfeb54aadd5b77fcfecc89a30a25db259ae76ff49fde3f3f3dd7031dcdfb4da2e5445dac795549352e5d0
  languageName: node
  linkType: hard

"process@npm:^0.11.10":
  version: 0.11.10
  resolution: "process@npm:0.11.10"
  checksum: bfcce49814f7d172a6e6a14d5fa3ac92cc3d0c3b9feb1279774708a719e19acd673995226351a082a9ae99978254e320ccda4240ddc474ba31a76c79491ca7c3
  languageName: node
  linkType: hard

"pump@npm:^3.0.0":
  version: 3.0.0
  resolution: "pump@npm:3.0.0"
  dependencies:
    end-of-stream: ^1.1.0
    once: ^1.3.1
  checksum: e42e9229fba14732593a718b04cb5e1cfef8254544870997e0ecd9732b189a48e1256e4e5478148ecb47c8511dca2b09eae56b4d0aad8009e6fac8072923cfc9
  languageName: node
  linkType: hard

"punycode@npm:^2.1.1":
  version: 2.3.0
  resolution: "punycode@npm:2.3.0"
  checksum: 39f760e09a2a3bbfe8f5287cf733ecdad69d6af2fe6f97ca95f24b8921858b91e9ea3c9eeec6e08cede96181b3bb33f95c6ffd8c77e63986508aa2e8159fa200
  languageName: node
  linkType: hard

"quick-format-unescaped@npm:^4.0.3":
  version: 4.0.4
  resolution: "quick-format-unescaped@npm:4.0.4"
  checksum: 7bc32b99354a1aa46c089d2a82b63489961002bb1d654cee3e6d2d8778197b68c2d854fd23d8422436ee1fdfd0abaddc4d4da120afe700ade68bd357815b26fd
  languageName: node
  linkType: hard

"readable-stream@npm:^3.6.0":
  version: 3.6.2
  resolution: "readable-stream@npm:3.6.2"
  dependencies:
    inherits: ^2.0.3
    string_decoder: ^1.1.1
    util-deprecate: ^1.0.1
  checksum: bdcbe6c22e846b6af075e32cf8f4751c2576238c5043169a1c221c92ee2878458a816a4ea33f4c67623c0b6827c8a400409bfb3cf0bf3381392d0b1dfb52ac8d
  languageName: node
  linkType: hard

"readable-stream@npm:^4.0.0":
  version: 4.4.2
  resolution: "readable-stream@npm:4.4.2"
  dependencies:
    abort-controller: ^3.0.0
    buffer: ^6.0.3
    events: ^3.3.0
    process: ^0.11.10
    string_decoder: ^1.3.0
  checksum: 6f4063763dbdb52658d22d3f49ca976420e1fbe16bbd241f744383715845350b196a2f08b8d6330f8e219153dff34b140aeefd6296da828e1041a7eab1f20d5e
  languageName: node
  linkType: hard

"readable-web-to-node-stream@npm:^3.0.2":
  version: 3.0.2
  resolution: "readable-web-to-node-stream@npm:3.0.2"
  dependencies:
    readable-stream: ^3.6.0
  checksum: 8c56cc62c68513425ddfa721954875b382768f83fa20e6b31e365ee00cbe7a3d6296f66f7f1107b16cd3416d33aa9f1680475376400d62a081a88f81f0ea7f9c
  languageName: node
  linkType: hard

"real-require@npm:^0.2.0":
  version: 0.2.0
  resolution: "real-require@npm:0.2.0"
  checksum: fa060f19f2f447adf678d1376928c76379dce5f72bd334da301685ca6cdcb7b11356813332cc243c88470796bc2e2b1e2917fc10df9143dd93c2ea608694971d
  languageName: node
  linkType: hard

"rxjs@npm:^7.8.0":
  version: 7.8.1
  resolution: "rxjs@npm:7.8.1"
  dependencies:
    tslib: ^2.1.0
  checksum: de4b53db1063e618ec2eca0f7965d9137cabe98cf6be9272efe6c86b47c17b987383df8574861bcced18ebd590764125a901d5506082be84a8b8e364bf05f119
  languageName: node
  linkType: hard

"safe-buffer@npm:~5.2.0":
  version: 5.2.1
  resolution: "safe-buffer@npm:5.2.1"
  checksum: b99c4b41fdd67a6aaf280fcd05e9ffb0813654894223afb78a31f14a19ad220bba8aba1cb14eddce1fcfb037155fe6de4e861784eb434f7d11ed58d1e70dd491
  languageName: node
  linkType: hard

"safe-stable-stringify@npm:^2.3.1":
  version: 2.4.3
  resolution: "safe-stable-stringify@npm:2.4.3"
  checksum: 3aeb64449706ee1f5ad2459fc99648b131d48e7a1fbb608d7c628020177512dc9d94108a5cb61bbc953985d313d0afea6566d243237743e02870490afef04b43
  languageName: node
  linkType: hard

"saslprep@npm:^1.0.3":
  version: 1.0.3
  resolution: "saslprep@npm:1.0.3"
  dependencies:
    sparse-bitfield: ^3.0.3
  checksum: 4fdc0b70fb5e523f977de405e12cca111f1f10dd68a0cfae0ca52c1a7919a94d1556598ba2d35f447655c3b32879846c77f9274c90806f6673248ae3cea6ee43
  languageName: node
  linkType: hard

"secure-json-parse@npm:^2.4.0":
  version: 2.7.0
  resolution: "secure-json-parse@npm:2.7.0"
  checksum: d9d7d5a01fc6db6115744ba23cf9e67ecfe8c524d771537c062ee05ad5c11b64c730bc58c7f33f60bd6877f96b86f0ceb9ea29644e4040cb757f6912d4dd6737
  languageName: node
  linkType: hard

"sift@npm:16.0.1":
  version: 16.0.1
  resolution: "sift@npm:16.0.1"
  checksum: 5fe18a517a20c35e0c05238797cc605094a6cb602b08c4661268c415b71a10f1a55ee4cc8728552e390e7cb4683a33bcbd68d7971eb44645cc6211e2f00dd233
  languageName: node
  linkType: hard

"smart-buffer@npm:^4.2.0":
  version: 4.2.0
  resolution: "smart-buffer@npm:4.2.0"
  checksum: b5167a7142c1da704c0e3af85c402002b597081dd9575031a90b4f229ca5678e9a36e8a374f1814c8156a725d17008ae3bde63b92f9cfd132526379e580bec8b
  languageName: node
  linkType: hard

"socks@npm:^2.7.1":
  version: 2.7.1
  resolution: "socks@npm:2.7.1"
  dependencies:
    ip: ^2.0.0
    smart-buffer: ^4.2.0
  checksum: 259d9e3e8e1c9809a7f5c32238c3d4d2a36b39b83851d0f573bfde5f21c4b1288417ce1af06af1452569cd1eb0841169afd4998f0e04ba04656f6b7f0e46d748
  languageName: node
  linkType: hard

"sonic-boom@npm:^3.0.0, sonic-boom@npm:^3.1.0":
  version: 3.3.0
  resolution: "sonic-boom@npm:3.3.0"
  dependencies:
    atomic-sleep: ^1.0.0
  checksum: 4a290dd0f3edf49894bb72c631ee304dc3f9be0752c43d516808a365f341821f5cf49997c80ee7c0e67167e0e5131dc71afe7c58812858eb965d6b9746c0cac7
  languageName: node
  linkType: hard

"sparse-bitfield@npm:^3.0.3":
  version: 3.0.3
  resolution: "sparse-bitfield@npm:3.0.3"
  dependencies:
    memory-pager: ^1.0.2
  checksum: 174da88dbbcc783d5dbd26921931cc83830280b8055fb05333786ebe6fc015b9601b24972b3d55920dd2d9f5fb120576fbfa2469b08e5222c9cadf3f05210aab
  languageName: node
  linkType: hard

"split2@npm:^4.0.0":
  version: 4.2.0
  resolution: "split2@npm:4.2.0"
  checksum: 05d54102546549fe4d2455900699056580cca006c0275c334611420f854da30ac999230857a85fdd9914dc2109ae50f80fda43d2a445f2aa86eccdc1dfce779d
  languageName: node
  linkType: hard

"streamsearch@npm:^1.1.0":
  version: 1.1.0
  resolution: "streamsearch@npm:1.1.0"
  checksum: 1cce16cea8405d7a233d32ca5e00a00169cc0e19fbc02aa839959985f267335d435c07f96e5e0edd0eadc6d39c98d5435fb5bbbdefc62c41834eadc5622ad942
  languageName: node
  linkType: hard

"string_decoder@npm:^1.1.1, string_decoder@npm:^1.3.0":
  version: 1.3.0
  resolution: "string_decoder@npm:1.3.0"
  dependencies:
    safe-buffer: ~5.2.0
  checksum: 8417646695a66e73aefc4420eb3b84cc9ffd89572861fe004e6aeb13c7bc00e2f616247505d2dbbef24247c372f70268f594af7126f43548565c68c117bdeb56
  languageName: node
  linkType: hard

"strip-json-comments@npm:^3.1.1":
  version: 3.1.1
  resolution: "strip-json-comments@npm:3.1.1"
  checksum: 492f73e27268f9b1c122733f28ecb0e7e8d8a531a6662efbd08e22cccb3f9475e90a1b82cab06a392f6afae6d2de636f977e231296400d0ec5304ba70f166443
  languageName: node
  linkType: hard

"strtok3@npm:^7.0.0":
  version: 7.0.0
  resolution: "strtok3@npm:7.0.0"
  dependencies:
    "@tokenizer/token": ^0.3.0
    peek-readable: ^5.0.0
  checksum: 2ebe7ad8f2aea611dec6742cf6a42e82764892a362907f7ce493faf334501bf981ce21c828dcc300457e6d460dc9c34d644ededb3b01dcb9e37559203cf1748c
  languageName: node
  linkType: hard

"systeminformation@npm:^5.18.9":
  version: 5.18.9
  resolution: "systeminformation@npm:5.18.9"
  bin:
    systeminformation: lib/cli.js
  checksum: fca704c22c4e3482d16436f97f670127d3ff9b182c50d77d13e8f59eb2614b0b1572ef6510ef55f351ea468cd9ab9f243e0ea74a540b8d05b5e4ddf32f37e01d
  conditions: (os=darwin | os=linux | os=win32 | os=freebsd | os=openbsd | os=netbsd | os=sunos | os=android)
  languageName: node
  linkType: hard

"thread-stream@npm:^2.0.0":
  version: 2.3.0
  resolution: "thread-stream@npm:2.3.0"
  dependencies:
    real-require: ^0.2.0
  checksum: e9ea58f9f36320165b41c2aae5c439bf68bd3575eb533c458483d8b290e31d519979e351408c7d6e248711611434332c2a3aae2165650b028cc3eb9b1052ac16
  languageName: node
  linkType: hard

"token-types@npm:^5.0.1":
  version: 5.0.1
  resolution: "token-types@npm:5.0.1"
  dependencies:
    "@tokenizer/token": ^0.3.0
    ieee754: ^1.2.1
  checksum: 32780123bc6ce8b6a2231d860445c994a02a720abf38df5583ea957aa6626873cd1c4dd8af62314da4cf16ede00c379a765707a3b06f04b8808c38efdae1c785
  languageName: node
  linkType: hard

"tr46@npm:^3.0.0":
  version: 3.0.0
  resolution: "tr46@npm:3.0.0"
  dependencies:
    punycode: ^2.1.1
  checksum: 44c3cc6767fb800490e6e9fd64fd49041aa4e49e1f6a012b34a75de739cc9ed3a6405296072c1df8b6389ae139c5e7c6496f659cfe13a04a4bff3a1422981270
  languageName: node
  linkType: hard

"ts-example@workspace:.":
  version: 0.0.0-use.local
  resolution: "ts-example@workspace:."
  dependencies:
    "@sern/handler": alpha
    "@types/node": ^17.0.25
    discord.js: latest
    dotenv: ^16.3.1
    mongoose: ^7.4.1
    pino: ^8.14.1
    pino-pretty: ^10.2.0
    systeminformation: ^5.18.9
    typescript: 5.0
  languageName: unknown
  linkType: soft

"ts-mixer@npm:^6.0.3":
  version: 6.0.3
  resolution: "ts-mixer@npm:6.0.3"
  checksum: 7fbaba0a413bf817835a6a23d46bccf4192dd4d7345b6bae9d594c88acffac35bf4995ef3cce753090c8abcdf2afd16dba8899365584a1f960ccc2a15bf2e2d6
  languageName: node
  linkType: hard

"ts-results-es@npm:^3.6.0":
  version: 3.6.1
  resolution: "ts-results-es@npm:3.6.1"
  checksum: af0d93ee4d3bd9e99a5fd4ac4b0ad090aef0a61e1f38ee596cfebe8d47090b34a2557d3778e00b4aae7c74962133805275ffffe56716e4d747fa559a926d9ced
  languageName: node
  linkType: hard

"tslib@npm:^2.1.0":
  version: 2.6.1
  resolution: "tslib@npm:2.6.1"
  checksum: b0d176d176487905b66ae4d5856647df50e37beea7571c53b8d10ba9222c074b81f1410fb91da13debaf2cbc970663609068bdebafa844ea9d69b146527c38fe
  languageName: node
  linkType: hard

"tslib@npm:^2.5.0":
  version: 2.6.0
  resolution: "tslib@npm:2.6.0"
  checksum: c01066038f950016a18106ddeca4649b4d76caa76ec5a31e2a26e10586a59fceb4ee45e96719bf6c715648e7c14085a81fee5c62f7e9ebee68e77a5396e5538f
  languageName: node
  linkType: hard

"typescript@npm:5.0":
  version: 5.0.4
  resolution: "typescript@npm:5.0.4"
  bin:
    tsc: bin/tsc
    tsserver: bin/tsserver
  checksum: 82b94da3f4604a8946da585f7d6c3025fff8410779e5bde2855ab130d05e4fd08938b9e593b6ebed165bda6ad9292b230984f10952cf82f0a0ca07bbeaa08172
  languageName: node
  linkType: hard

"typescript@patch:typescript@5.0#~builtin<compat/typescript>":
  version: 5.0.4
  resolution: "typescript@patch:typescript@npm%3A5.0.4#~builtin<compat/typescript>::version=5.0.4&hash=b5f058"
  bin:
    tsc: bin/tsc
    tsserver: bin/tsserver
  checksum: d26b6ba97b6d163c55dbdffd9bbb4c211667ebebc743accfeb2c8c0154aace7afd097b51165a72a5bad2cf65a4612259344ff60f8e642362aa1695c760d303ac
  languageName: node
  linkType: hard

"undici@npm:^5.22.0":
  version: 5.22.1
  resolution: "undici@npm:5.22.1"
  dependencies:
    busboy: ^1.6.0
  checksum: 048a3365f622be44fb319316cedfaa241c59cf7f3368ae7667a12323447e1822e8cc3d00f6956c852d1478a6fde1cbbe753f49e05f2fdaed229693e716ebaf35
  languageName: node
  linkType: hard

"util-deprecate@npm:^1.0.1":
  version: 1.0.2
  resolution: "util-deprecate@npm:1.0.2"
  checksum: 474acf1146cb2701fe3b074892217553dfcf9a031280919ba1b8d651a068c9b15d863b7303cb15bd00a862b498e6cf4ad7b4a08fb134edd5a6f7641681cb54a2
  languageName: node
  linkType: hard

"utility-types@npm:^3.10.0":
  version: 3.10.0
  resolution: "utility-types@npm:3.10.0"
  checksum: 8f274415c6196ab62883b8bd98c9d2f8829b58016e4269aaa1ebd84184ac5dda7dc2ca45800c0d5e0e0650966ba063bf9a412aaeaea6850ca4440a391283d5c8
  languageName: node
  linkType: hard

"webidl-conversions@npm:^7.0.0":
  version: 7.0.0
  resolution: "webidl-conversions@npm:7.0.0"
  checksum: f05588567a2a76428515333eff87200fae6c83c3948a7482ebb109562971e77ef6dc49749afa58abb993391227c5697b3ecca52018793e0cb4620a48f10bd21b
  languageName: node
  linkType: hard

"whatwg-url@npm:^11.0.0":
  version: 11.0.0
  resolution: "whatwg-url@npm:11.0.0"
  dependencies:
    tr46: ^3.0.0
    webidl-conversions: ^7.0.0
  checksum: ed4826aaa57e66bb3488a4b25c9cd476c46ba96052747388b5801f137dd740b73fde91ad207d96baf9f17fbcc80fc1a477ad65181b5eb5fa718d27c69501d7af
  languageName: node
  linkType: hard

"wrappy@npm:1":
  version: 1.0.2
  resolution: "wrappy@npm:1.0.2"
  checksum: 159da4805f7e84a3d003d8841557196034155008f817172d4e986bd591f74aa82aa7db55929a54222309e01079a65a92a9e6414da5a6aa4b01ee44a511ac3ee5
  languageName: node
  linkType: hard

"ws@npm:^8.13.0":
  version: 8.13.0
  resolution: "ws@npm:8.13.0"
  peerDependencies:
    bufferutil: ^4.0.1
    utf-8-validate: ">=5.0.2"
  peerDependenciesMeta:
    bufferutil:
      optional: true
    utf-8-validate:
      optional: true
  checksum: 53e991bbf928faf5dc6efac9b8eb9ab6497c69feeb94f963d648b7a3530a720b19ec2e0ec037344257e05a4f35bd9ad04d9de6f289615ffb133282031b18c61c
  languageName: node
  linkType: hard
